// !$*UTF8*$!
{
	archiveVersion = 1;
	classes = {
	};
	objectVersion = 50;
	objects = {

/* Begin PBXBuildFile section */
		8476348C269CB4E100D5FBF4 /* AppDelegate.swift in Sources */ = {isa = PBXBuildFile; fileRef = 8476348B269CB4E100D5FBF4 /* AppDelegate.swift */; };
		8476348E269CB4E100D5FBF4 /* SceneDelegate.swift in Sources */ = {isa = PBXBuildFile; fileRef = 8476348D269CB4E100D5FBF4 /* SceneDelegate.swift */; };
		84763493269CB4E100D5FBF4 /* Main.storyboard in Resources */ = {isa = PBXBuildFile; fileRef = 84763491269CB4E100D5FBF4 /* Main.storyboard */; };
		84763495269CB4E400D5FBF4 /* Assets.xcassets in Resources */ = {isa = PBXBuildFile; fileRef = 84763494269CB4E400D5FBF4 /* Assets.xcassets */; };
		84763498269CB4E400D5FBF4 /* LaunchScreen.storyboard in Resources */ = {isa = PBXBuildFile; fileRef = 84763496269CB4E400D5FBF4 /* LaunchScreen.storyboard */; };
		F1BDAC5626A0482A0047171B /* DeviceTableViewCell.swift in Sources */ = {isa = PBXBuildFile; fileRef = F1BDAC4626A0482A0047171B /* DeviceTableViewCell.swift */; };
		F1BDAC5726A0482A0047171B /* DeviceTableViewCell.xib in Resources */ = {isa = PBXBuildFile; fileRef = F1BDAC4726A0482A0047171B /* DeviceTableViewCell.xib */; };
		F1BDAC5826A0482A0047171B /* DeviceModel.swift in Sources */ = {isa = PBXBuildFile; fileRef = F1BDAC4926A0482A0047171B /* DeviceModel.swift */; };
		F1BDAC5926A0482A0047171B /* ExpandedModel.swift in Sources */ = {isa = PBXBuildFile; fileRef = F1BDAC4A26A0482A0047171B /* ExpandedModel.swift */; };
		F1BDAC5A26A0482A0047171B /* Device.generated.swift in Sources */ = {isa = PBXBuildFile; fileRef = F1BDAC4B26A0482A0047171B /* Device.generated.swift */; };
		F1BDAC5B26A0482A0047171B /* UIViewController+Extension.swift in Sources */ = {isa = PBXBuildFile; fileRef = F1BDAC4D26A0482A0047171B /* UIViewController+Extension.swift */; };
		F1BDAC5C26A0482A0047171B /* FirstViewController.swift in Sources */ = {isa = PBXBuildFile; fileRef = F1BDAC4F26A0482A0047171B /* FirstViewController.swift */; };
		F1BDAC5D26A0482A0047171B /* DeviceInfoViewController.swift in Sources */ = {isa = PBXBuildFile; fileRef = F1BDAC5026A0482A0047171B /* DeviceInfoViewController.swift */; };
		F1BDAC5E26A0482A0047171B /* DeviceInfoViewController.xib in Resources */ = {isa = PBXBuildFile; fileRef = F1BDAC5126A0482A0047171B /* DeviceInfoViewController.xib */; };
		F1BDAC5F26A0482A0047171B /* SecondViewController.swift in Sources */ = {isa = PBXBuildFile; fileRef = F1BDAC5226A0482A0047171B /* SecondViewController.swift */; };
		F1BDAC6026A0482B0047171B /* CustomHeaderView.xib in Resources */ = {isa = PBXBuildFile; fileRef = F1BDAC5426A0482A0047171B /* CustomHeaderView.xib */; };
		F1BDAC6126A0482B0047171B /* CustomHeaderView.swift in Sources */ = {isa = PBXBuildFile; fileRef = F1BDAC5526A0482A0047171B /* CustomHeaderView.swift */; };
		F1BDAC6826A04D200047171B /* SharedModel.swift in Sources */ = {isa = PBXBuildFile; fileRef = F1BDAC6726A04D200047171B /* SharedModel.swift */; };
/* End PBXBuildFile section */

/* Begin PBXFileReference section */
		84763488269CB4E100D5FBF4 /* Practice_Collections.app */ = {isa = PBXFileReference; explicitFileType = wrapper.application; includeInIndex = 0; path = Practice_Collections.app; sourceTree = BUILT_PRODUCTS_DIR; };
		8476348B269CB4E100D5FBF4 /* AppDelegate.swift */ = {isa = PBXFileReference; lastKnownFileType = sourcecode.swift; path = AppDelegate.swift; sourceTree = "<group>"; };
		8476348D269CB4E100D5FBF4 /* SceneDelegate.swift */ = {isa = PBXFileReference; lastKnownFileType = sourcecode.swift; path = SceneDelegate.swift; sourceTree = "<group>"; };
		84763492269CB4E100D5FBF4 /* Base */ = {isa = PBXFileReference; lastKnownFileType = file.storyboard; name = Base; path = Base.lproj/Main.storyboard; sourceTree = "<group>"; };
		84763494269CB4E400D5FBF4 /* Assets.xcassets */ = {isa = PBXFileReference; lastKnownFileType = folder.assetcatalog; path = Assets.xcassets; sourceTree = "<group>"; };
		84763497269CB4E400D5FBF4 /* Base */ = {isa = PBXFileReference; lastKnownFileType = file.storyboard; name = Base; path = Base.lproj/LaunchScreen.storyboard; sourceTree = "<group>"; };
		84763499269CB4E400D5FBF4 /* Info.plist */ = {isa = PBXFileReference; lastKnownFileType = text.plist.xml; path = Info.plist; sourceTree = "<group>"; };
		F1BDAC4626A0482A0047171B /* DeviceTableViewCell.swift */ = {isa = PBXFileReference; fileEncoding = 4; lastKnownFileType = sourcecode.swift; path = DeviceTableViewCell.swift; sourceTree = "<group>"; };
		F1BDAC4726A0482A0047171B /* DeviceTableViewCell.xib */ = {isa = PBXFileReference; fileEncoding = 4; lastKnownFileType = file.xib; path = DeviceTableViewCell.xib; sourceTree = "<group>"; };
		F1BDAC4926A0482A0047171B /* DeviceModel.swift */ = {isa = PBXFileReference; fileEncoding = 4; lastKnownFileType = sourcecode.swift; path = DeviceModel.swift; sourceTree = "<group>"; };
		F1BDAC4A26A0482A0047171B /* ExpandedModel.swift */ = {isa = PBXFileReference; fileEncoding = 4; lastKnownFileType = sourcecode.swift; path = ExpandedModel.swift; sourceTree = "<group>"; };
		F1BDAC4B26A0482A0047171B /* Device.generated.swift */ = {isa = PBXFileReference; fileEncoding = 4; lastKnownFileType = sourcecode.swift; path = Device.generated.swift; sourceTree = "<group>"; };
		F1BDAC4D26A0482A0047171B /* UIViewController+Extension.swift */ = {isa = PBXFileReference; fileEncoding = 4; lastKnownFileType = sourcecode.swift; path = "UIViewController+Extension.swift"; sourceTree = "<group>"; };
		F1BDAC4F26A0482A0047171B /* FirstViewController.swift */ = {isa = PBXFileReference; fileEncoding = 4; lastKnownFileType = sourcecode.swift; path = FirstViewController.swift; sourceTree = "<group>"; };
		F1BDAC5026A0482A0047171B /* DeviceInfoViewController.swift */ = {isa = PBXFileReference; fileEncoding = 4; lastKnownFileType = sourcecode.swift; path = DeviceInfoViewController.swift; sourceTree = "<group>"; };
		F1BDAC5126A0482A0047171B /* DeviceInfoViewController.xib */ = {isa = PBXFileReference; fileEncoding = 4; lastKnownFileType = file.xib; path = DeviceInfoViewController.xib; sourceTree = "<group>"; };
		F1BDAC5226A0482A0047171B /* SecondViewController.swift */ = {isa = PBXFileReference; fileEncoding = 4; lastKnownFileType = sourcecode.swift; path = SecondViewController.swift; sourceTree = "<group>"; };
		F1BDAC5426A0482A0047171B /* CustomHeaderView.xib */ = {isa = PBXFileReference; fileEncoding = 4; lastKnownFileType = file.xib; path = CustomHeaderView.xib; sourceTree = "<group>"; };
		F1BDAC5526A0482A0047171B /* CustomHeaderView.swift */ = {isa = PBXFileReference; fileEncoding = 4; lastKnownFileType = sourcecode.swift; path = CustomHeaderView.swift; sourceTree = "<group>"; };
		F1BDAC6726A04D200047171B /* SharedModel.swift */ = {isa = PBXFileReference; lastKnownFileType = sourcecode.swift; path = SharedModel.swift; sourceTree = "<group>"; };
/* End PBXFileReference section */

/* Begin PBXFrameworksBuildPhase section */
		84763485269CB4E100D5FBF4 /* Frameworks */ = {
			isa = PBXFrameworksBuildPhase;
			buildActionMask = 2147483647;
			files = (
			);
			runOnlyForDeploymentPostprocessing = 0;
		};
/* End PBXFrameworksBuildPhase section */

/* Begin PBXGroup section */
		8476347F269CB4E100D5FBF4 = {
			isa = PBXGroup;
			children = (
				8476348A269CB4E100D5FBF4 /* Practice_Collections */,
				84763489269CB4E100D5FBF4 /* Products */,
			);
			sourceTree = "<group>";
		};
		84763489269CB4E100D5FBF4 /* Products */ = {
			isa = PBXGroup;
			children = (
				84763488269CB4E100D5FBF4 /* Practice_Collections.app */,
			);
			name = Products;
			sourceTree = "<group>";
		};
		8476348A269CB4E100D5FBF4 /* Practice_Collections */ = {
			isa = PBXGroup;
			children = (
				F1BDAC4526A0482A0047171B /* Cells */,
				F1BDAC4C26A0482A0047171B /* Extensions */,
				F1BDAC4826A0482A0047171B /* Models */,
				F1BDAC4E26A0482A0047171B /* ViewControllers */,
				F1BDAC5326A0482A0047171B /* Views */,
				8476348B269CB4E100D5FBF4 /* AppDelegate.swift */,
				8476348D269CB4E100D5FBF4 /* SceneDelegate.swift */,
				84763491269CB4E100D5FBF4 /* Main.storyboard */,
				84763494269CB4E400D5FBF4 /* Assets.xcassets */,
				84763496269CB4E400D5FBF4 /* LaunchScreen.storyboard */,
				84763499269CB4E400D5FBF4 /* Info.plist */,
			);
			path = Practice_Collections;
			sourceTree = "<group>";
		};
		F1BDAC4526A0482A0047171B /* Cells */ = {
			isa = PBXGroup;
			children = (
				F1BDAC4626A0482A0047171B /* DeviceTableViewCell.swift */,
				F1BDAC4726A0482A0047171B /* DeviceTableViewCell.xib */,
			);
			path = Cells;
			sourceTree = "<group>";
		};
		F1BDAC4826A0482A0047171B /* Models */ = {
			isa = PBXGroup;
			children = (
				F1BDAC4926A0482A0047171B /* DeviceModel.swift */,
				F1BDAC4A26A0482A0047171B /* ExpandedModel.swift */,
				F1BDAC4B26A0482A0047171B /* Device.generated.swift */,
				F1BDAC6726A04D200047171B /* SharedModel.swift */,
			);
			path = Models;
			sourceTree = "<group>";
		};
		F1BDAC4C26A0482A0047171B /* Extensions */ = {
			isa = PBXGroup;
			children = (
				F1BDAC4D26A0482A0047171B /* UIViewController+Extension.swift */,
			);
			path = Extensions;
			sourceTree = "<group>";
		};
		F1BDAC4E26A0482A0047171B /* ViewControllers */ = {
			isa = PBXGroup;
			children = (
				F1BDAC5026A0482A0047171B /* DeviceInfoViewController.swift */,
				F1BDAC5126A0482A0047171B /* DeviceInfoViewController.xib */,
				F1BDAC4F26A0482A0047171B /* FirstViewController.swift */,
				F1BDAC5226A0482A0047171B /* SecondViewController.swift */,
			);
			path = ViewControllers;
			sourceTree = "<group>";
		};
		F1BDAC5326A0482A0047171B /* Views */ = {
			isa = PBXGroup;
			children = (
				F1BDAC5426A0482A0047171B /* CustomHeaderView.xib */,
				F1BDAC5526A0482A0047171B /* CustomHeaderView.swift */,
			);
			path = Views;
			sourceTree = "<group>";
		};
/* End PBXGroup section */

/* Begin PBXNativeTarget section */
		84763487269CB4E100D5FBF4 /* Practice_Collections */ = {
			isa = PBXNativeTarget;
			buildConfigurationList = 8476349C269CB4E400D5FBF4 /* Build configuration list for PBXNativeTarget "Practice_Collections" */;
			buildPhases = (
				84763484269CB4E100D5FBF4 /* Sources */,
				84763485269CB4E100D5FBF4 /* Frameworks */,
				84763486269CB4E100D5FBF4 /* Resources */,
			);
			buildRules = (
			);
			dependencies = (
			);
			name = Practice_Collections;
			productName = Practice_Collections;
			productReference = 84763488269CB4E100D5FBF4 /* Practice_Collections.app */;
			productType = "com.apple.product-type.application";
		};
/* End PBXNativeTarget section */

/* Begin PBXProject section */
		84763480269CB4E100D5FBF4 /* Project object */ = {
			isa = PBXProject;
			attributes = {
				LastSwiftUpdateCheck = 1240;
				LastUpgradeCheck = 1240;
				TargetAttributes = {
					84763487269CB4E100D5FBF4 = {
						CreatedOnToolsVersion = 12.4;
					};
				};
			};
			buildConfigurationList = 84763483269CB4E100D5FBF4 /* Build configuration list for PBXProject "Practice_Collections" */;
			compatibilityVersion = "Xcode 9.3";
			developmentRegion = en;
			hasScannedForEncodings = 0;
			knownRegions = (
				en,
				Base,
			);
			mainGroup = 8476347F269CB4E100D5FBF4;
			productRefGroup = 84763489269CB4E100D5FBF4 /* Products */;
			projectDirPath = "";
			projectRoot = "";
			targets = (
				84763487269CB4E100D5FBF4 /* Practice_Collections */,
			);
		};
/* End PBXProject section */

/* Begin PBXResourcesBuildPhase section */
		84763486269CB4E100D5FBF4 /* Resources */ = {
			isa = PBXResourcesBuildPhase;
			buildActionMask = 2147483647;
			files = (
				84763498269CB4E400D5FBF4 /* LaunchScreen.storyboard in Resources */,
				F1BDAC5E26A0482A0047171B /* DeviceInfoViewController.xib in Resources */,
				84763495269CB4E400D5FBF4 /* Assets.xcassets in Resources */,
				84763493269CB4E100D5FBF4 /* Main.storyboard in Resources */,
				F1BDAC6026A0482B0047171B /* CustomHeaderView.xib in Resources */,
				F1BDAC5726A0482A0047171B /* DeviceTableViewCell.xib in Resources */,
			);
			runOnlyForDeploymentPostprocessing = 0;
		};
/* End PBXResourcesBuildPhase section */

/* Begin PBXSourcesBuildPhase section */
		84763484269CB4E100D5FBF4 /* Sources */ = {
			isa = PBXSourcesBuildPhase;
			buildActionMask = 2147483647;
			files = (
				F1BDAC6826A04D200047171B /* SharedModel.swift in Sources */,
				8476348C269CB4E100D5FBF4 /* AppDelegate.swift in Sources */,
				F1BDAC5826A0482A0047171B /* DeviceModel.swift in Sources */,
				8476348E269CB4E100D5FBF4 /* SceneDelegate.swift in Sources */,
				F1BDAC5926A0482A0047171B /* ExpandedModel.swift in Sources */,
				F1BDAC5B26A0482A0047171B /* UIViewController+Extension.swift in Sources */,
				F1BDAC5A26A0482A0047171B /* Device.generated.swift in Sources */,
				F1BDAC5C26A0482A0047171B /* FirstViewController.swift in Sources */,
				F1BDAC5626A0482A0047171B /* DeviceTableViewCell.swift in Sources */,
				F1BDAC6126A0482B0047171B /* CustomHeaderView.swift in Sources */,
				F1BDAC5F26A0482A0047171B /* SecondViewController.swift in Sources */,
				F1BDAC5D26A0482A0047171B /* DeviceInfoViewController.swift in Sources */,
			);
			runOnlyForDeploymentPostprocessing = 0;
		};
/* End PBXSourcesBuildPhase section */

/* Begin PBXVariantGroup section */
		84763491269CB4E100D5FBF4 /* Main.storyboard */ = {
			isa = PBXVariantGroup;
			children = (
				84763492269CB4E100D5FBF4 /* Base */,
			);
			name = Main.storyboard;
			sourceTree = "<group>";
		};
		84763496269CB4E400D5FBF4 /* LaunchScreen.storyboard */ = {
			isa = PBXVariantGroup;
			children = (
				84763497269CB4E400D5FBF4 /* Base */,
			);
			name = LaunchScreen.storyboard;
			sourceTree = "<group>";
		};
/* End PBXVariantGroup section */

/* Begin XCBuildConfiguration section */
		8476349A269CB4E400D5FBF4 /* Debug */ = {
			isa = XCBuildConfiguration;
			buildSettings = {
				ALWAYS_SEARCH_USER_PATHS = NO;
				CLANG_ANALYZER_NONNULL = YES;
				CLANG_ANALYZER_NUMBER_OBJECT_CONVERSION = YES_AGGRESSIVE;
				CLANG_CXX_LANGUAGE_STANDARD = "gnu++14";
				CLANG_CXX_LIBRARY = "libc++";
				CLANG_ENABLE_MODULES = YES;
				CLANG_ENABLE_OBJC_ARC = YES;
				CLANG_ENABLE_OBJC_WEAK = YES;
				CLANG_WARN_BLOCK_CAPTURE_AUTORELEASING = YES;
				CLANG_WARN_BOOL_CONVERSION = YES;
				CLANG_WARN_COMMA = YES;
				CLANG_WARN_CONSTANT_CONVERSION = YES;
				CLANG_WARN_DEPRECATED_OBJC_IMPLEMENTATIONS = YES;
				CLANG_WARN_DIRECT_OBJC_ISA_USAGE = YES_ERROR;
				CLANG_WARN_DOCUMENTATION_COMMENTS = YES;
				CLANG_WARN_EMPTY_BODY = YES;
				CLANG_WARN_ENUM_CONVERSION = YES;
				CLANG_WARN_INFINITE_RECURSION = YES;
				CLANG_WARN_INT_CONVERSION = YES;
				CLANG_WARN_NON_LITERAL_NULL_CONVERSION = YES;
				CLANG_WARN_OBJC_IMPLICIT_RETAIN_SELF = YES;
				CLANG_WARN_OBJC_LITERAL_CONVERSION = YES;
				CLANG_WARN_OBJC_ROOT_CLASS = YES_ERROR;
				CLANG_WARN_QUOTED_INCLUDE_IN_FRAMEWORK_HEADER = YES;
				CLANG_WARN_RANGE_LOOP_ANALYSIS = YES;
				CLANG_WARN_STRICT_PROTOTYPES = YES;
				CLANG_WARN_SUSPICIOUS_MOVE = YES;
				CLANG_WARN_UNGUARDED_AVAILABILITY = YES_AGGRESSIVE;
				CLANG_WARN_UNREACHABLE_CODE = YES;
				CLANG_WARN__DUPLICATE_METHOD_MATCH = YES;
				COPY_PHASE_STRIP = NO;
				DEBUG_INFORMATION_FORMAT = dwarf;
				ENABLE_STRICT_OBJC_MSGSEND = YES;
				ENABLE_TESTABILITY = YES;
				GCC_C_LANGUAGE_STANDARD = gnu11;
				GCC_DYNAMIC_NO_PIC = NO;
				GCC_NO_COMMON_BLOCKS = YES;
				GCC_OPTIMIZATION_LEVEL = 0;
				GCC_PREPROCESSOR_DEFINITIONS = (
					"DEBUG=1",
					"$(inherited)",
				);
				GCC_WARN_64_TO_32_BIT_CONVERSION = YES;
				GCC_WARN_ABOUT_RETURN_TYPE = YES_ERROR;
				GCC_WARN_UNDECLARED_SELECTOR = YES;
				GCC_WARN_UNINITIALIZED_AUTOS = YES_AGGRESSIVE;
				GCC_WARN_UNUSED_FUNCTION = YES;
				GCC_WARN_UNUSED_VARIABLE = YES;
				IPHONEOS_DEPLOYMENT_TARGET = 14.4;
				MTL_ENABLE_DEBUG_INFO = INCLUDE_SOURCE;
				MTL_FAST_MATH = YES;
				ONLY_ACTIVE_ARCH = YES;
				SDKROOT = iphoneos;
				SWIFT_ACTIVE_COMPILATION_CONDITIONS = DEBUG;
				SWIFT_OPTIMIZATION_LEVEL = "-Onone";
			};
			name = Debug;
		};
		8476349B269CB4E400D5FBF4 /* Release */ = {
			isa = XCBuildConfiguration;
			buildSettings = {
				ALWAYS_SEARCH_USER_PATHS = NO;
				CLANG_ANALYZER_NONNULL = YES;
				CLANG_ANALYZER_NUMBER_OBJECT_CONVERSION = YES_AGGRESSIVE;
				CLANG_CXX_LANGUAGE_STANDARD = "gnu++14";
				CLANG_CXX_LIBRARY = "libc++";
				CLANG_ENABLE_MODULES = YES;
				CLANG_ENABLE_OBJC_ARC = YES;
				CLANG_ENABLE_OBJC_WEAK = YES;
				CLANG_WARN_BLOCK_CAPTURE_AUTORELEASING = YES;
				CLANG_WARN_BOOL_CONVERSION = YES;
				CLANG_WARN_COMMA = YES;
				CLANG_WARN_CONSTANT_CONVERSION = YES;
				CLANG_WARN_DEPRECATED_OBJC_IMPLEMENTATIONS = YES;
				CLANG_WARN_DIRECT_OBJC_ISA_USAGE = YES_ERROR;
				CLANG_WARN_DOCUMENTATION_COMMENTS = YES;
				CLANG_WARN_EMPTY_BODY = YES;
				CLANG_WARN_ENUM_CONVERSION = YES;
				CLANG_WARN_INFINITE_RECURSION = YES;
				CLANG_WARN_INT_CONVERSION = YES;
				CLANG_WARN_NON_LITERAL_NULL_CONVERSION = YES;
				CLANG_WARN_OBJC_IMPLICIT_RETAIN_SELF = YES;
				CLANG_WARN_OBJC_LITERAL_CONVERSION = YES;
				CLANG_WARN_OBJC_ROOT_CLASS = YES_ERROR;
				CLANG_WARN_QUOTED_INCLUDE_IN_FRAMEWORK_HEADER = YES;
				CLANG_WARN_RANGE_LOOP_ANALYSIS = YES;
				CLANG_WARN_STRICT_PROTOTYPES = YES;
				CLANG_WARN_SUSPICIOUS_MOVE = YES;
				CLANG_WARN_UNGUARDED_AVAILABILITY = YES_AGGRESSIVE;
				CLANG_WARN_UNREACHABLE_CODE = YES;
				CLANG_WARN__DUPLICATE_METHOD_MATCH = YES;
				COPY_PHASE_STRIP = NO;
				DEBUG_INFORMATION_FORMAT = "dwarf-with-dsym";
				ENABLE_NS_ASSERTIONS = NO;
				ENABLE_STRICT_OBJC_MSGSEND = YES;
				GCC_C_LANGUAGE_STANDARD = gnu11;
				GCC_NO_COMMON_BLOCKS = YES;
				GCC_WARN_64_TO_32_BIT_CONVERSION = YES;
				GCC_WARN_ABOUT_RETURN_TYPE = YES_ERROR;
				GCC_WARN_UNDECLARED_SELECTOR = YES;
				GCC_WARN_UNINITIALIZED_AUTOS = YES_AGGRESSIVE;
				GCC_WARN_UNUSED_FUNCTION = YES;
				GCC_WARN_UNUSED_VARIABLE = YES;
				IPHONEOS_DEPLOYMENT_TARGET = 14.4;
				MTL_ENABLE_DEBUG_INFO = NO;
				MTL_FAST_MATH = YES;
				SDKROOT = iphoneos;
				SWIFT_COMPILATION_MODE = wholemodule;
				SWIFT_OPTIMIZATION_LEVEL = "-O";
				VALIDATE_PRODUCT = YES;
			};
			name = Release;
		};
		8476349D269CB4E400D5FBF4 /* Debug */ = {
			isa = XCBuildConfiguration;
			buildSettings = {
				ASSETCATALOG_COMPILER_APPICON_NAME = AppIcon;
				ASSETCATALOG_COMPILER_GLOBAL_ACCENT_COLOR_NAME = AccentColor;
				CODE_SIGN_STYLE = Automatic;
				INFOPLIST_FILE = Practice_Collections/Info.plist;
				IPHONEOS_DEPLOYMENT_TARGET = 13.0;
				LD_RUNPATH_SEARCH_PATHS = (
					"$(inherited)",
					"@executable_path/Frameworks",
				);
				PRODUCT_BUNDLE_IDENTIFIER = "com.koryagin.Practice-Collections";
				PRODUCT_NAME = "$(TARGET_NAME)";
				SWIFT_VERSION = 5.0;
				TARGETED_DEVICE_FAMILY = "1,2";
			};
			name = Debug;
		};
		8476349E269CB4E400D5FBF4 /* Release */ = {
			isa = XCBuildConfiguration;
			buildSettings = {
				ASSETCATALOG_COMPILER_APPICON_NAME = AppIcon;
				ASSETCATALOG_COMPILER_GLOBAL_ACCENT_COLOR_NAME = AccentColor;
				CODE_SIGN_STYLE = Automatic;
				INFOPLIST_FILE = Practice_Collections/Info.plist;
				IPHONEOS_DEPLOYMENT_TARGET = 13.0;
				LD_RUNPATH_SEARCH_PATHS = (
					"$(inherited)",
					"@executable_path/Frameworks",
				);
				PRODUCT_BUNDLE_IDENTIFIER = "com.koryagin.Practice-Collections";
				PRODUCT_NAME = "$(TARGET_NAME)";
				SWIFT_VERSION = 5.0;
				TARGETED_DEVICE_FAMILY = "1,2";
			};
			name = Release;
		};
/* End XCBuildConfiguration section */

/* Begin XCConfigurationList section */
		84763483269CB4E100D5FBF4 /* Build configuration list for PBXProject "Practice_Collections" */ = {
			isa = XCConfigurationList;
			buildConfigurations = (
				8476349A269CB4E400D5FBF4 /* Debug */,
				8476349B269CB4E400D5FBF4 /* Release */,
			);
			defaultConfigurationIsVisible = 0;
			defaultConfigurationName = Release;
		};
		8476349C269CB4E400D5FBF4 /* Build configuration list for PBXNativeTarget "Practice_Collections" */ = {
			isa = XCConfigurationList;
			buildConfigurations = (
				8476349D269CB4E400D5FBF4 /* Debug */,
				8476349E269CB4E400D5FBF4 /* Release */,
			);
			defaultConfigurationIsVisible = 0;
			defaultConfigurationName = Release;
		};
/* End XCConfigurationList section */
	};
	rootObject = 84763480269CB4E100D5FBF4 /* Project object */;
}
